// !$*UTF8*$!
{
	archiveVersion = 1;
	classes = {
	};
	objectVersion = 77;
	objects = {

/* Begin PBXBuildFile section */
		B41864E52E049207000507F4 /* FirebaseAI in Frameworks */ = {isa = PBXBuildFile; productRef = B41864E42E049207000507F4 /* FirebaseAI */; };
		B41864E72E049207000507F4 /* FirebaseAnalytics in Frameworks */ = {isa = PBXBuildFile; productRef = B41864E62E049207000507F4 /* FirebaseAnalytics */; };
		B41864E92E049207000507F4 /* FirebaseAnalyticsCore in Frameworks */ = {isa = PBXBuildFile; productRef = B41864E82E049207000507F4 /* FirebaseAnalyticsCore */; };
		B41864EB2E049207000507F4 /* FirebaseAnalyticsIdentitySupport in Frameworks */ = {isa = PBXBuildFile; productRef = B41864EA2E049207000507F4 /* FirebaseAnalyticsIdentitySupport */; };
		B41864ED2E049207000507F4 /* FirebaseAnalyticsOnDeviceConversion in Frameworks */ = {isa = PBXBuildFile; productRef = B41864EC2E049207000507F4 /* FirebaseAnalyticsOnDeviceConversion */; };
		B41864EF2E049207000507F4 /* FirebaseAnalyticsWithoutAdIdSupport in Frameworks */ = {isa = PBXBuildFile; productRef = B41864EE2E049207000507F4 /* FirebaseAnalyticsWithoutAdIdSupport */; };
		B41864F12E049207000507F4 /* FirebaseAppCheck in Frameworks */ = {isa = PBXBuildFile; productRef = B41864F02E049207000507F4 /* FirebaseAppCheck */; };
		B41864F32E049207000507F4 /* FirebaseAppDistribution-Beta in Frameworks */ = {isa = PBXBuildFile; productRef = B41864F22E049207000507F4 /* FirebaseAppDistribution-Beta */; };
		B41864F52E049207000507F4 /* FirebaseAuth in Frameworks */ = {isa = PBXBuildFile; productRef = B41864F42E049207000507F4 /* FirebaseAuth */; };
		B41864F72E049207000507F4 /* FirebaseAuthCombine-Community in Frameworks */ = {isa = PBXBuildFile; productRef = B41864F62E049207000507F4 /* FirebaseAuthCombine-Community */; };
		B41864F92E049207000507F4 /* FirebaseCore in Frameworks */ = {isa = PBXBuildFile; productRef = B41864F82E049207000507F4 /* FirebaseCore */; };
		B41864FB2E049207000507F4 /* FirebaseCrashlytics in Frameworks */ = {isa = PBXBuildFile; productRef = B41864FA2E049207000507F4 /* FirebaseCrashlytics */; };
		B41864FD2E049207000507F4 /* FirebaseDatabase in Frameworks */ = {isa = PBXBuildFile; productRef = B41864FC2E049207000507F4 /* FirebaseDatabase */; };
		B41864FF2E049207000507F4 /* FirebaseDynamicLinks in Frameworks */ = {isa = PBXBuildFile; productRef = B41864FE2E049207000507F4 /* FirebaseDynamicLinks */; };
		B41865012E049207000507F4 /* FirebaseFirestore in Frameworks */ = {isa = PBXBuildFile; productRef = B41865002E049207000507F4 /* FirebaseFirestore */; };
		B41865032E049207000507F4 /* FirebaseFirestoreCombine-Community in Frameworks */ = {isa = PBXBuildFile; productRef = B41865022E049207000507F4 /* FirebaseFirestoreCombine-Community */; };
		B41865052E049207000507F4 /* FirebaseFunctions in Frameworks */ = {isa = PBXBuildFile; productRef = B41865042E049207000507F4 /* FirebaseFunctions */; };
		B41865072E049207000507F4 /* FirebaseFunctionsCombine-Community in Frameworks */ = {isa = PBXBuildFile; productRef = B41865062E049207000507F4 /* FirebaseFunctionsCombine-Community */; };
		B41865092E049207000507F4 /* FirebaseInAppMessaging-Beta in Frameworks */ = {isa = PBXBuildFile; productRef = B41865082E049207000507F4 /* FirebaseInAppMessaging-Beta */; };
		B418650B2E049207000507F4 /* FirebaseInstallations in Frameworks */ = {isa = PBXBuildFile; productRef = B418650A2E049207000507F4 /* FirebaseInstallations */; };
		B418650D2E049207000507F4 /* FirebaseMessaging in Frameworks */ = {isa = PBXBuildFile; productRef = B418650C2E049207000507F4 /* FirebaseMessaging */; };
		B418650F2E049207000507F4 /* FirebaseMLModelDownloader in Frameworks */ = {isa = PBXBuildFile; productRef = B418650E2E049207000507F4 /* FirebaseMLModelDownloader */; };
		B41865112E049207000507F4 /* FirebasePerformance in Frameworks */ = {isa = PBXBuildFile; productRef = B41865102E049207000507F4 /* FirebasePerformance */; };
		B41865132E049207000507F4 /* FirebaseRemoteConfig in Frameworks */ = {isa = PBXBuildFile; productRef = B41865122E049207000507F4 /* FirebaseRemoteConfig */; };
		B41865152E049207000507F4 /* FirebaseStorage in Frameworks */ = {isa = PBXBuildFile; productRef = B41865142E049207000507F4 /* FirebaseStorage */; };
		B41865172E049207000507F4 /* FirebaseStorageCombine-Community in Frameworks */ = {isa = PBXBuildFile; productRef = B41865162E049207000507F4 /* FirebaseStorageCombine-Community */; };
		B41865192E049207000507F4 /* FirebaseVertexAI in Frameworks */ = {isa = PBXBuildFile; productRef = B41865182E049207000507F4 /* FirebaseVertexAI */; };
/* End PBXBuildFile section */

/* Begin PBXFileReference section */
		B41863B02E027490000507F4 /* TermProject-이주연-2191047.app */ = {isa = PBXFileReference; explicitFileType = wrapper.application; includeInIndex = 0; path = "TermProject-이주연-2191047.app"; sourceTree = BUILT_PRODUCTS_DIR; };
/* End PBXFileReference section */

/* Begin PBXFileSystemSynchronizedBuildFileExceptionSet section */
		B41863C22E027492000507F4 /* Exceptions for "TermProject-이주연-2191047" folder in "TermProject-이주연-2191047" target */ = {
			isa = PBXFileSystemSynchronizedBuildFileExceptionSet;
			membershipExceptions = (
				Info.plist,
			);
			target = B41863AF2E027490000507F4 /* TermProject-이주연-2191047 */;
		};
/* End PBXFileSystemSynchronizedBuildFileExceptionSet section */

/* Begin PBXFileSystemSynchronizedRootGroup section */
		B41863B22E027490000507F4 /* TermProject-이주연-2191047 */ = {
			isa = PBXFileSystemSynchronizedRootGroup;
			exceptions = (
				B41863C22E027492000507F4 /* Exceptions for "TermProject-이주연-2191047" folder in "TermProject-이주연-2191047" target */,
			);
			path = "TermProject-이주연-2191047";
			sourceTree = "<group>";
		};
/* End PBXFileSystemSynchronizedRootGroup section */

/* Begin PBXFrameworksBuildPhase section */
		B41863AD2E027490000507F4 /* Frameworks */ = {
			isa = PBXFrameworksBuildPhase;
			buildActionMask = 2147483647;
			files = (
				B41865052E049207000507F4 /* FirebaseFunctions in Frameworks */,
				B41864FD2E049207000507F4 /* FirebaseDatabase in Frameworks */,
				B41864EB2E049207000507F4 /* FirebaseAnalyticsIdentitySupport in Frameworks */,
				B41865152E049207000507F4 /* FirebaseStorage in Frameworks */,
				B41864EF2E049207000507F4 /* FirebaseAnalyticsWithoutAdIdSupport in Frameworks */,
				B41864F92E049207000507F4 /* FirebaseCore in Frameworks */,
				B41864E72E049207000507F4 /* FirebaseAnalytics in Frameworks */,
				B41864FF2E049207000507F4 /* FirebaseDynamicLinks in Frameworks */,
				B418650F2E049207000507F4 /* FirebaseMLModelDownloader in Frameworks */,
				B41864ED2E049207000507F4 /* FirebaseAnalyticsOnDeviceConversion in Frameworks */,
				B41864F52E049207000507F4 /* FirebaseAuth in Frameworks */,
				B418650D2E049207000507F4 /* FirebaseMessaging in Frameworks */,
				B41865012E049207000507F4 /* FirebaseFirestore in Frameworks */,
				B41865192E049207000507F4 /* FirebaseVertexAI in Frameworks */,
				B41865032E049207000507F4 /* FirebaseFirestoreCombine-Community in Frameworks */,
				B41865092E049207000507F4 /* FirebaseInAppMessaging-Beta in Frameworks */,
				B41865072E049207000507F4 /* FirebaseFunctionsCombine-Community in Frameworks */,
				B41865172E049207000507F4 /* FirebaseStorageCombine-Community in Frameworks */,
				B41865132E049207000507F4 /* FirebaseRemoteConfig in Frameworks */,
				B41864F12E049207000507F4 /* FirebaseAppCheck in Frameworks */,
				B41864E92E049207000507F4 /* FirebaseAnalyticsCore in Frameworks */,
				B41865112E049207000507F4 /* FirebasePerformance in Frameworks */,
				B41864E52E049207000507F4 /* FirebaseAI in Frameworks */,
				B41864FB2E049207000507F4 /* FirebaseCrashlytics in Frameworks */,
				B41864F32E049207000507F4 /* FirebaseAppDistribution-Beta in Frameworks */,
				B41864F72E049207000507F4 /* FirebaseAuthCombine-Community in Frameworks */,
				B418650B2E049207000507F4 /* FirebaseInstallations in Frameworks */,
			);
			runOnlyForDeploymentPostprocessing = 0;
		};
/* End PBXFrameworksBuildPhase section */

/* Begin PBXGroup section */
		B41863A72E027490000507F4 = {
			isa = PBXGroup;
			children = (
				B41863B22E027490000507F4 /* TermProject-이주연-2191047 */,
				B41864E32E049200000507F4 /* Frameworks */,
				B41863B12E027490000507F4 /* Products */,
			);
			sourceTree = "<group>";
		};
		B41863B12E027490000507F4 /* Products */ = {
			isa = PBXGroup;
			children = (
				B41863B02E027490000507F4 /* TermProject-이주연-2191047.app */,
			);
			name = Products;
			sourceTree = "<group>";
		};
		B41864E32E049200000507F4 /* Frameworks */ = {
			isa = PBXGroup;
			children = (
			);
			name = Frameworks;
			sourceTree = "<group>";
		};
/* End PBXGroup section */

/* Begin PBXNativeTarget section */
		B41863AF2E027490000507F4 /* TermProject-이주연-2191047 */ = {
			isa = PBXNativeTarget;
			buildConfigurationList = B41863C32E027492000507F4 /* Build configuration list for PBXNativeTarget "TermProject-이주연-2191047" */;
			buildPhases = (
				B41863AC2E027490000507F4 /* Sources */,
				B41863AD2E027490000507F4 /* Frameworks */,
				B41863AE2E027490000507F4 /* Resources */,
			);
			buildRules = (
			);
			dependencies = (
			);
			fileSystemSynchronizedGroups = (
				B41863B22E027490000507F4 /* TermProject-이주연-2191047 */,
			);
			name = "TermProject-이주연-2191047";
			packageProductDependencies = (
				B41864E42E049207000507F4 /* FirebaseAI */,
				B41864E62E049207000507F4 /* FirebaseAnalytics */,
				B41864E82E049207000507F4 /* FirebaseAnalyticsCore */,
				B41864EA2E049207000507F4 /* FirebaseAnalyticsIdentitySupport */,
				B41864EC2E049207000507F4 /* FirebaseAnalyticsOnDeviceConversion */,
				B41864EE2E049207000507F4 /* FirebaseAnalyticsWithoutAdIdSupport */,
				B41864F02E049207000507F4 /* FirebaseAppCheck */,
				B41864F22E049207000507F4 /* FirebaseAppDistribution-Beta */,
				B41864F42E049207000507F4 /* FirebaseAuth */,
				B41864F62E049207000507F4 /* FirebaseAuthCombine-Community */,
				B41864F82E049207000507F4 /* FirebaseCore */,
				B41864FA2E049207000507F4 /* FirebaseCrashlytics */,
				B41864FC2E049207000507F4 /* FirebaseDatabase */,
				B41864FE2E049207000507F4 /* FirebaseDynamicLinks */,
				B41865002E049207000507F4 /* FirebaseFirestore */,
				B41865022E049207000507F4 /* FirebaseFirestoreCombine-Community */,
				B41865042E049207000507F4 /* FirebaseFunctions */,
				B41865062E049207000507F4 /* FirebaseFunctionsCombine-Community */,
				B41865082E049207000507F4 /* FirebaseInAppMessaging-Beta */,
				B418650A2E049207000507F4 /* FirebaseInstallations */,
				B418650C2E049207000507F4 /* FirebaseMessaging */,
				B418650E2E049207000507F4 /* FirebaseMLModelDownloader */,
				B41865102E049207000507F4 /* FirebasePerformance */,
				B41865122E049207000507F4 /* FirebaseRemoteConfig */,
				B41865142E049207000507F4 /* FirebaseStorage */,
				B41865162E049207000507F4 /* FirebaseStorageCombine-Community */,
				B41865182E049207000507F4 /* FirebaseVertexAI */,
			);
			productName = "TermProject-이주연-2191047";
			productReference = B41863B02E027490000507F4 /* TermProject-이주연-2191047.app */;
			productType = "com.apple.product-type.application";
		};
/* End PBXNativeTarget section */

/* Begin PBXProject section */
		B41863A82E027490000507F4 /* Project object */ = {
			isa = PBXProject;
			attributes = {
				BuildIndependentTargetsInParallel = 1;
				LastSwiftUpdateCheck = 1620;
				LastUpgradeCheck = 1620;
				TargetAttributes = {
					B41863AF2E027490000507F4 = {
						CreatedOnToolsVersion = 16.2;
					};
				};
			};
			buildConfigurationList = B41863AB2E027490000507F4 /* Build configuration list for PBXProject "TermProject-이주연-2191047" */;
			developmentRegion = en;
			hasScannedForEncodings = 0;
			knownRegions = (
				en,
				Base,
			);
			mainGroup = B41863A72E027490000507F4;
			minimizedProjectReferenceProxies = 1;
			packageReferences = (
				B418647A2E048EBA000507F4 /* XCRemoteSwiftPackageReference "firebase-ios-sdk" */,
			);
			preferredProjectObjectVersion = 77;
			productRefGroup = B41863B12E027490000507F4 /* Products */;
			projectDirPath = "";
			projectRoot = "";
			targets = (
				B41863AF2E027490000507F4 /* TermProject-이주연-2191047 */,
			);
		};
/* End PBXProject section */

/* Begin PBXResourcesBuildPhase section */
		B41863AE2E027490000507F4 /* Resources */ = {
			isa = PBXResourcesBuildPhase;
			buildActionMask = 2147483647;
			files = (
			);
			runOnlyForDeploymentPostprocessing = 0;
		};
/* End PBXResourcesBuildPhase section */

/* Begin PBXSourcesBuildPhase section */
		B41863AC2E027490000507F4 /* Sources */ = {
			isa = PBXSourcesBuildPhase;
			buildActionMask = 2147483647;
			files = (
			);
			runOnlyForDeploymentPostprocessing = 0;
		};
/* End PBXSourcesBuildPhase section */

/* Begin XCBuildConfiguration section */
		B41863C42E027492000507F4 /* Debug */ = {
			isa = XCBuildConfiguration;
			buildSettings = {
				ASSETCATALOG_COMPILER_APPICON_NAME = AppIcon;
				ASSETCATALOG_COMPILER_GLOBAL_ACCENT_COLOR_NAME = AccentColor;
				CODE_SIGN_STYLE = Automatic;
				CURRENT_PROJECT_VERSION = 1;
				GENERATE_INFOPLIST_FILE = YES;
				INFOPLIST_FILE = "TermProject-이주연-2191047/Info.plist";
				INFOPLIST_KEY_UIApplicationSupportsIndirectInputEvents = YES;
				INFOPLIST_KEY_UILaunchStoryboardName = LaunchScreen;
				INFOPLIST_KEY_UIMainStoryboardFile = Main;
				INFOPLIST_KEY_UISupportedInterfaceOrientations_iPad = "UIInterfaceOrientationPortrait UIInterfaceOrientationPortraitUpsideDown UIInterfaceOrientationLandscapeLeft UIInterfaceOrientationLandscapeRight";
				INFOPLIST_KEY_UISupportedInterfaceOrientations_iPhone = "UIInterfaceOrientationPortrait UIInterfaceOrientationLandscapeLeft UIInterfaceOrientationLandscapeRight";
				LD_RUNPATH_SEARCH_PATHS = (
					"$(inherited)",
					"@executable_path/Frameworks",
				);
				MARKETING_VERSION = 1.0;
				PRODUCT_BUNDLE_IDENTIFIER = "jylee.hansung.ac.kr.TermProject---------2191047";
				PRODUCT_NAME = "$(TARGET_NAME)";
				SWIFT_EMIT_LOC_STRINGS = YES;
				SWIFT_VERSION = 5.0;
				TARGETED_DEVICE_FAMILY = "1,2";
			};
			name = Debug;
		};
		B41863C52E027492000507F4 /* Release */ = {
			isa = XCBuildConfiguration;
			buildSettings = {
				ASSETCATALOG_COMPILER_APPICON_NAME = AppIcon;
				ASSETCATALOG_COMPILER_GLOBAL_ACCENT_COLOR_NAME = AccentColor;
				CODE_SIGN_STYLE = Automatic;
				CURRENT_PROJECT_VERSION = 1;
				GENERATE_INFOPLIST_FILE = YES;
				INFOPLIST_FILE = "TermProject-이주연-2191047/Info.plist";
				INFOPLIST_KEY_UIApplicationSupportsIndirectInputEvents = YES;
				INFOPLIST_KEY_UILaunchStoryboardName = LaunchScreen;
				INFOPLIST_KEY_UIMainStoryboardFile = Main;
				INFOPLIST_KEY_UISupportedInterfaceOrientations_iPad = "UIInterfaceOrientationPortrait UIInterfaceOrientationPortraitUpsideDown UIInterfaceOrientationLandscapeLeft UIInterfaceOrientationLandscapeRight";
				INFOPLIST_KEY_UISupportedInterfaceOrientations_iPhone = "UIInterfaceOrientationPortrait UIInterfaceOrientationLandscapeLeft UIInterfaceOrientationLandscapeRight";
				LD_RUNPATH_SEARCH_PATHS = (
					"$(inherited)",
					"@executable_path/Frameworks",
				);
				MARKETING_VERSION = 1.0;
				PRODUCT_BUNDLE_IDENTIFIER = "jylee.hansung.ac.kr.TermProject---------2191047";
				PRODUCT_NAME = "$(TARGET_NAME)";
				SWIFT_EMIT_LOC_STRINGS = YES;
				SWIFT_VERSION = 5.0;
				TARGETED_DEVICE_FAMILY = "1,2";
			};
			name = Release;
		};
		B41863C62E027492000507F4 /* Debug */ = {
			isa = XCBuildConfiguration;
			buildSettings = {
				ALWAYS_SEARCH_USER_PATHS = NO;
				ASSETCATALOG_COMPILER_GENERATE_SWIFT_ASSET_SYMBOL_EXTENSIONS = YES;
				CLANG_ANALYZER_NONNULL = YES;
				CLANG_ANALYZER_NUMBER_OBJECT_CONVERSION = YES_AGGRESSIVE;
				CLANG_CXX_LANGUAGE_STANDARD = "gnu++20";
				CLANG_ENABLE_MODULES = YES;
				CLANG_ENABLE_OBJC_ARC = YES;
				CLANG_ENABLE_OBJC_WEAK = YES;
				CLANG_WARN_BLOCK_CAPTURE_AUTORELEASING = YES;
				CLANG_WARN_BOOL_CONVERSION = YES;
				CLANG_WARN_COMMA = YES;
				CLANG_WARN_CONSTANT_CONVERSION = YES;
				CLANG_WARN_DEPRECATED_OBJC_IMPLEMENTATIONS = YES;
				CLANG_WARN_DIRECT_OBJC_ISA_USAGE = YES_ERROR;
				CLANG_WARN_DOCUMENTATION_COMMENTS = YES;
				CLANG_WARN_EMPTY_BODY = YES;
				CLANG_WARN_ENUM_CONVERSION = YES;
				CLANG_WARN_INFINITE_RECURSION = YES;
				CLANG_WARN_INT_CONVERSION = YES;
				CLANG_WARN_NON_LITERAL_NULL_CONVERSION = YES;
				CLANG_WARN_OBJC_IMPLICIT_RETAIN_SELF = YES;
				CLANG_WARN_OBJC_LITERAL_CONVERSION = YES;
				CLANG_WARN_OBJC_ROOT_CLASS = YES_ERROR;
				CLANG_WARN_QUOTED_INCLUDE_IN_FRAMEWORK_HEADER = YES;
				CLANG_WARN_RANGE_LOOP_ANALYSIS = YES;
				CLANG_WARN_STRICT_PROTOTYPES = YES;
				CLANG_WARN_SUSPICIOUS_MOVE = YES;
				CLANG_WARN_UNGUARDED_AVAILABILITY = YES_AGGRESSIVE;
				CLANG_WARN_UNREACHABLE_CODE = YES;
				CLANG_WARN__DUPLICATE_METHOD_MATCH = YES;
				COPY_PHASE_STRIP = NO;
				DEBUG_INFORMATION_FORMAT = dwarf;
				ENABLE_STRICT_OBJC_MSGSEND = YES;
				ENABLE_TESTABILITY = YES;
				ENABLE_USER_SCRIPT_SANDBOXING = YES;
				GCC_C_LANGUAGE_STANDARD = gnu17;
				GCC_DYNAMIC_NO_PIC = NO;
				GCC_NO_COMMON_BLOCKS = YES;
				GCC_OPTIMIZATION_LEVEL = 0;
				GCC_PREPROCESSOR_DEFINITIONS = (
					"DEBUG=1",
					"$(inherited)",
				);
				GCC_WARN_64_TO_32_BIT_CONVERSION = YES;
				GCC_WARN_ABOUT_RETURN_TYPE = YES_ERROR;
				GCC_WARN_UNDECLARED_SELECTOR = YES;
				GCC_WARN_UNINITIALIZED_AUTOS = YES_AGGRESSIVE;
				GCC_WARN_UNUSED_FUNCTION = YES;
				GCC_WARN_UNUSED_VARIABLE = YES;
				IPHONEOS_DEPLOYMENT_TARGET = 18.2;
				LOCALIZATION_PREFERS_STRING_CATALOGS = YES;
				MTL_ENABLE_DEBUG_INFO = INCLUDE_SOURCE;
				MTL_FAST_MATH = YES;
				ONLY_ACTIVE_ARCH = YES;
				SDKROOT = iphoneos;
				SWIFT_ACTIVE_COMPILATION_CONDITIONS = "DEBUG $(inherited)";
				SWIFT_OPTIMIZATION_LEVEL = "-Onone";
			};
			name = Debug;
		};
		B41863C72E027492000507F4 /* Release */ = {
			isa = XCBuildConfiguration;
			buildSettings = {
				ALWAYS_SEARCH_USER_PATHS = NO;
				ASSETCATALOG_COMPILER_GENERATE_SWIFT_ASSET_SYMBOL_EXTENSIONS = YES;
				CLANG_ANALYZER_NONNULL = YES;
				CLANG_ANALYZER_NUMBER_OBJECT_CONVERSION = YES_AGGRESSIVE;
				CLANG_CXX_LANGUAGE_STANDARD = "gnu++20";
				CLANG_ENABLE_MODULES = YES;
				CLANG_ENABLE_OBJC_ARC = YES;
				CLANG_ENABLE_OBJC_WEAK = YES;
				CLANG_WARN_BLOCK_CAPTURE_AUTORELEASING = YES;
				CLANG_WARN_BOOL_CONVERSION = YES;
				CLANG_WARN_COMMA = YES;
				CLANG_WARN_CONSTANT_CONVERSION = YES;
				CLANG_WARN_DEPRECATED_OBJC_IMPLEMENTATIONS = YES;
				CLANG_WARN_DIRECT_OBJC_ISA_USAGE = YES_ERROR;
				CLANG_WARN_DOCUMENTATION_COMMENTS = YES;
				CLANG_WARN_EMPTY_BODY = YES;
				CLANG_WARN_ENUM_CONVERSION = YES;
				CLANG_WARN_INFINITE_RECURSION = YES;
				CLANG_WARN_INT_CONVERSION = YES;
				CLANG_WARN_NON_LITERAL_NULL_CONVERSION = YES;
				CLANG_WARN_OBJC_IMPLICIT_RETAIN_SELF = YES;
				CLANG_WARN_OBJC_LITERAL_CONVERSION = YES;
				CLANG_WARN_OBJC_ROOT_CLASS = YES_ERROR;
				CLANG_WARN_QUOTED_INCLUDE_IN_FRAMEWORK_HEADER = YES;
				CLANG_WARN_RANGE_LOOP_ANALYSIS = YES;
				CLANG_WARN_STRICT_PROTOTYPES = YES;
				CLANG_WARN_SUSPICIOUS_MOVE = YES;
				CLANG_WARN_UNGUARDED_AVAILABILITY = YES_AGGRESSIVE;
				CLANG_WARN_UNREACHABLE_CODE = YES;
				CLANG_WARN__DUPLICATE_METHOD_MATCH = YES;
				COPY_PHASE_STRIP = NO;
				DEBUG_INFORMATION_FORMAT = "dwarf-with-dsym";
				ENABLE_NS_ASSERTIONS = NO;
				ENABLE_STRICT_OBJC_MSGSEND = YES;
				ENABLE_USER_SCRIPT_SANDBOXING = YES;
				GCC_C_LANGUAGE_STANDARD = gnu17;
				GCC_NO_COMMON_BLOCKS = YES;
				GCC_WARN_64_TO_32_BIT_CONVERSION = YES;
				GCC_WARN_ABOUT_RETURN_TYPE = YES_ERROR;
				GCC_WARN_UNDECLARED_SELECTOR = YES;
				GCC_WARN_UNINITIALIZED_AUTOS = YES_AGGRESSIVE;
				GCC_WARN_UNUSED_FUNCTION = YES;
				GCC_WARN_UNUSED_VARIABLE = YES;
				IPHONEOS_DEPLOYMENT_TARGET = 18.2;
				LOCALIZATION_PREFERS_STRING_CATALOGS = YES;
				MTL_ENABLE_DEBUG_INFO = NO;
				MTL_FAST_MATH = YES;
				SDKROOT = iphoneos;
				SWIFT_COMPILATION_MODE = wholemodule;
				VALIDATE_PRODUCT = YES;
			};
			name = Release;
		};
/* End XCBuildConfiguration section */

/* Begin XCConfigurationList section */
		B41863AB2E027490000507F4 /* Build configuration list for PBXProject "TermProject-이주연-2191047" */ = {
			isa = XCConfigurationList;
			buildConfigurations = (
				B41863C62E027492000507F4 /* Debug */,
				B41863C72E027492000507F4 /* Release */,
			);
			defaultConfigurationIsVisible = 0;
			defaultConfigurationName = Release;
		};
		B41863C32E027492000507F4 /* Build configuration list for PBXNativeTarget "TermProject-이주연-2191047" */ = {
			isa = XCConfigurationList;
			buildConfigurations = (
				B41863C42E027492000507F4 /* Debug */,
				B41863C52E027492000507F4 /* Release */,
			);
			defaultConfigurationIsVisible = 0;
			defaultConfigurationName = Release;
		};
/* End XCConfigurationList section */

/* Begin XCRemoteSwiftPackageReference section */
		B418647A2E048EBA000507F4 /* XCRemoteSwiftPackageReference "firebase-ios-sdk" */ = {
			isa = XCRemoteSwiftPackageReference;
			repositoryURL = "https://github.com/firebase/firebase-ios-sdk";
			requirement = {
				kind = upToNextMajorVersion;
				minimumVersion = 11.14.0;
			};
		};
/* End XCRemoteSwiftPackageReference section */

/* Begin XCSwiftPackageProductDependency section */
		B41864E42E049207000507F4 /* FirebaseAI */ = {
			isa = XCSwiftPackageProductDependency;
			package = B418647A2E048EBA000507F4 /* XCRemoteSwiftPackageReference "firebase-ios-sdk" */;
			productName = FirebaseAI;
		};
		B41864E62E049207000507F4 /* FirebaseAnalytics */ = {
			isa = XCSwiftPackageProductDependency;
			package = B418647A2E048EBA000507F4 /* XCRemoteSwiftPackageReference "firebase-ios-sdk" */;
			productName = FirebaseAnalytics;
		};
		B41864E82E049207000507F4 /* FirebaseAnalyticsCore */ = {
			isa = XCSwiftPackageProductDependency;
			package = B418647A2E048EBA000507F4 /* XCRemoteSwiftPackageReference "firebase-ios-sdk" */;
			productName = FirebaseAnalyticsCore;
		};
		B41864EA2E049207000507F4 /* FirebaseAnalyticsIdentitySupport */ = {
			isa = XCSwiftPackageProductDependency;
			package = B418647A2E048EBA000507F4 /* XCRemoteSwiftPackageReference "firebase-ios-sdk" */;
			productName = FirebaseAnalyticsIdentitySupport;
		};
		B41864EC2E049207000507F4 /* FirebaseAnalyticsOnDeviceConversion */ = {
			isa = XCSwiftPackageProductDependency;
			package = B418647A2E048EBA000507F4 /* XCRemoteSwiftPackageReference "firebase-ios-sdk" */;
			productName = FirebaseAnalyticsOnDeviceConversion;
		};
		B41864EE2E049207000507F4 /* FirebaseAnalyticsWithoutAdIdSupport */ = {
			isa = XCSwiftPackageProductDependency;
			package = B418647A2E048EBA000507F4 /* XCRemoteSwiftPackageReference "firebase-ios-sdk" */;
			productName = FirebaseAnalyticsWithoutAdIdSupport;
		};
		B41864F02E049207000507F4 /* FirebaseAppCheck */ = {
			isa = XCSwiftPackageProductDependency;
			package = B418647A2E048EBA000507F4 /* XCRemoteSwiftPackageReference "firebase-ios-sdk" */;
			productName = FirebaseAppCheck;
		};
		B41864F22E049207000507F4 /* FirebaseAppDistribution-Beta */ = {
			isa = XCSwiftPackageProductDependency;
			package = B418647A2E048EBA000507F4 /* XCRemoteSwiftPackageReference "firebase-ios-sdk" */;
			productName = "FirebaseAppDistribution-Beta";
		};
		B41864F42E049207000507F4 /* FirebaseAuth */ = {
			isa = XCSwiftPackageProductDependency;
			package = B418647A2E048EBA000507F4 /* XCRemoteSwiftPackageReference "firebase-ios-sdk" */;
			productName = FirebaseAuth;
		};
		B41864F62E049207000507F4 /* FirebaseAuthCombine-Community */ = {
			isa = XCSwiftPackageProductDependency;
			package = B418647A2E048EBA000507F4 /* XCRemoteSwiftPackageReference "firebase-ios-sdk" */;
			productName = "FirebaseAuthCombine-Community";
		};
		B41864F82E049207000507F4 /* FirebaseCore */ = {
			isa = XCSwiftPackageProductDependency;
			package = B418647A2E048EBA000507F4 /* XCRemoteSwiftPackageReference "firebase-ios-sdk" */;
			productName = FirebaseCore;
		};
		B41864FA2E049207000507F4 /* FirebaseCrashlytics */ = {
			isa = XCSwiftPackageProductDependency;
			package = B418647A2E048EBA000507F4 /* XCRemoteSwiftPackageReference "firebase-ios-sdk" */;
			productName = FirebaseCrashlytics;
		};
		B41864FC2E049207000507F4 /* FirebaseDatabase */ = {
			isa = XCSwiftPackageProductDependency;
			package = B418647A2E048EBA000507F4 /* XCRemoteSwiftPackageReference "firebase-ios-sdk" */;
			productName = FirebaseDatabase;
		};
		B41864FE2E049207000507F4 /* FirebaseDynamicLinks */ = {
			isa = XCSwiftPackageProductDependency;
			package = B418647A2E048EBA000507F4 /* XCRemoteSwiftPackageReference "firebase-ios-sdk" */;
			productName = FirebaseDynamicLinks;
		};
		B41865002E049207000507F4 /* FirebaseFirestore */ = {
			isa = XCSwiftPackageProductDependency;
			package = B418647A2E048EBA000507F4 /* XCRemoteSwiftPackageReference "firebase-ios-sdk" */;
			productName = FirebaseFirestore;
		};
		B41865022E049207000507F4 /* FirebaseFirestoreCombine-Community */ = {
			isa = XCSwiftPackageProductDependency;
			package = B418647A2E048EBA000507F4 /* XCRemoteSwiftPackageReference "firebase-ios-sdk" */;
			productName = "FirebaseFirestoreCombine-Community";
		};
		B41865042E049207000507F4 /* FirebaseFunctions */ = {
			isa = XCSwiftPackageProductDependency;
			package = B418647A2E048EBA000507F4 /* XCRemoteSwiftPackageReference "firebase-ios-sdk" */;
			productName = FirebaseFunctions;
		};
		B41865062E049207000507F4 /* FirebaseFunctionsCombine-Community */ = {
			isa = XCSwiftPackageProductDependency;
			package = B418647A2E048EBA000507F4 /* XCRemoteSwiftPackageReference "firebase-ios-sdk" */;
			productName = "FirebaseFunctionsCombine-Community";
		};
		B41865082E049207000507F4 /* FirebaseInAppMessaging-Beta */ = {
			isa = XCSwiftPackageProductDependency;
			package = B418647A2E048EBA000507F4 /* XCRemoteSwiftPackageReference "firebase-ios-sdk" */;
			productName = "FirebaseInAppMessaging-Beta";
		};
		B418650A2E049207000507F4 /* FirebaseInstallations */ = {
			isa = XCSwiftPackageProductDependency;
			package = B418647A2E048EBA000507F4 /* XCRemoteSwiftPackageReference "firebase-ios-sdk" */;
			productName = FirebaseInstallations;
		};
		B418650C2E049207000507F4 /* FirebaseMessaging */ = {
			isa = XCSwiftPackageProductDependency;
			package = B418647A2E048EBA000507F4 /* XCRemoteSwiftPackageReference "firebase-ios-sdk" */;
			productName = FirebaseMessaging;
		};
		B418650E2E049207000507F4 /* FirebaseMLModelDownloader */ = {
			isa = XCSwiftPackageProductDependency;
			package = B418647A2E048EBA000507F4 /* XCRemoteSwiftPackageReference "firebase-ios-sdk" */;
			productName = FirebaseMLModelDownloader;
		};
		B41865102E049207000507F4 /* FirebasePerformance */ = {
			isa = XCSwiftPackageProductDependency;
			package = B418647A2E048EBA000507F4 /* XCRemoteSwiftPackageReference "firebase-ios-sdk" */;
			productName = FirebasePerformance;
		};
		B41865122E049207000507F4 /* FirebaseRemoteConfig */ = {
			isa = XCSwiftPackageProductDependency;
			package = B418647A2E048EBA000507F4 /* XCRemoteSwiftPackageReference "firebase-ios-sdk" */;
			productName = FirebaseRemoteConfig;
		};
		B41865142E049207000507F4 /* FirebaseStorage */ = {
			isa = XCSwiftPackageProductDependency;
			package = B418647A2E048EBA000507F4 /* XCRemoteSwiftPackageReference "firebase-ios-sdk" */;
			productName = FirebaseStorage;
		};
		B41865162E049207000507F4 /* FirebaseStorageCombine-Community */ = {
			isa = XCSwiftPackageProductDependency;
			package = B418647A2E048EBA000507F4 /* XCRemoteSwiftPackageReference "firebase-ios-sdk" */;
			productName = "FirebaseStorageCombine-Community";
		};
		B41865182E049207000507F4 /* FirebaseVertexAI */ = {
			isa = XCSwiftPackageProductDependency;
			package = B418647A2E048EBA000507F4 /* XCRemoteSwiftPackageReference "firebase-ios-sdk" */;
			productName = FirebaseVertexAI;
		};
/* End XCSwiftPackageProductDependency section */
	};
	rootObject = B41863A82E027490000507F4 /* Project object */;
}
